// !$*UTF8*$!
{
	archiveVersion = 1;
	classes = {
	};
	objectVersion = 48;
	objects = {

/* Begin PBXBuildFile section */
		97FBE129203343DA00F9EF3D /* AppDelegate.swift in Sources */ = {isa = PBXBuildFile; fileRef = 97FBE128203343DA00F9EF3D /* AppDelegate.swift */; };
		97FBE12B203343DA00F9EF3D /* ViewController.swift in Sources */ = {isa = PBXBuildFile; fileRef = 97FBE12A203343DA00F9EF3D /* ViewController.swift */; };
		97FBE12E203343DA00F9EF3D /* Main.storyboard in Resources */ = {isa = PBXBuildFile; fileRef = 97FBE12C203343DA00F9EF3D /* Main.storyboard */; };
		97FBE130203343DA00F9EF3D /* Assets.xcassets in Resources */ = {isa = PBXBuildFile; fileRef = 97FBE12F203343DA00F9EF3D /* Assets.xcassets */; };
		97FBE133203343DA00F9EF3D /* LaunchScreen.storyboard in Resources */ = {isa = PBXBuildFile; fileRef = 97FBE131203343DA00F9EF3D /* LaunchScreen.storyboard */; };
		97FBE13B2033506D00F9EF3D /* SimpleStackViews.storyboard in Resources */ = {isa = PBXBuildFile; fileRef = 97FBE13A2033506D00F9EF3D /* SimpleStackViews.storyboard */; };
		97FBE13D20336F9F00F9EF3D /* SimpleStackViews.swift in Sources */ = {isa = PBXBuildFile; fileRef = 97FBE13C20336F9F00F9EF3D /* SimpleStackViews.swift */; };
		97FBE13F2033746B00F9EF3D /* NestedStackViews.storyboard in Resources */ = {isa = PBXBuildFile; fileRef = 97FBE13E2033746A00F9EF3D /* NestedStackViews.storyboard */; };
/* End PBXBuildFile section */

/* Begin PBXFileReference section */
		97FBE125203343DA00F9EF3D /* StackViewsCookbook.app */ = {isa = PBXFileReference; explicitFileType = wrapper.application; includeInIndex = 0; path = StackViewsCookbook.app; sourceTree = BUILT_PRODUCTS_DIR; };
		97FBE128203343DA00F9EF3D /* AppDelegate.swift */ = {isa = PBXFileReference; lastKnownFileType = sourcecode.swift; path = AppDelegate.swift; sourceTree = "<group>"; };
		97FBE12A203343DA00F9EF3D /* ViewController.swift */ = {isa = PBXFileReference; lastKnownFileType = sourcecode.swift; path = ViewController.swift; sourceTree = "<group>"; };
		97FBE12D203343DA00F9EF3D /* Base */ = {isa = PBXFileReference; lastKnownFileType = file.storyboard; name = Base; path = Base.lproj/Main.storyboard; sourceTree = "<group>"; };
		97FBE12F203343DA00F9EF3D /* Assets.xcassets */ = {isa = PBXFileReference; lastKnownFileType = folder.assetcatalog; path = Assets.xcassets; sourceTree = "<group>"; };
		97FBE132203343DA00F9EF3D /* Base */ = {isa = PBXFileReference; lastKnownFileType = file.storyboard; name = Base; path = Base.lproj/LaunchScreen.storyboard; sourceTree = "<group>"; };
		97FBE134203343DA00F9EF3D /* Info.plist */ = {isa = PBXFileReference; lastKnownFileType = text.plist.xml; path = Info.plist; sourceTree = "<group>"; };
		97FBE13A2033506D00F9EF3D /* SimpleStackViews.storyboard */ = {isa = PBXFileReference; lastKnownFileType = file.storyboard; path = SimpleStackViews.storyboard; sourceTree = "<group>"; };
		97FBE13C20336F9F00F9EF3D /* SimpleStackViews.swift */ = {isa = PBXFileReference; lastKnownFileType = sourcecode.swift; path = SimpleStackViews.swift; sourceTree = "<group>"; };
		97FBE13E2033746A00F9EF3D /* NestedStackViews.storyboard */ = {isa = PBXFileReference; lastKnownFileType = file.storyboard; path = NestedStackViews.storyboard; sourceTree = "<group>"; };
/* End PBXFileReference section */

/* Begin PBXFrameworksBuildPhase section */
		97FBE122203343DA00F9EF3D /* Frameworks */ = {
			isa = PBXFrameworksBuildPhase;
			buildActionMask = 2147483647;
			files = (
			);
			runOnlyForDeploymentPostprocessing = 0;
		};
/* End PBXFrameworksBuildPhase section */

/* Begin PBXGroup section */
		97FBE11C203343DA00F9EF3D = {
			isa = PBXGroup;
			children = (
				97FBE127203343DA00F9EF3D /* StackViewsCookbook */,
				97FBE126203343DA00F9EF3D /* Products */,
			);
			sourceTree = "<group>";
		};
		97FBE126203343DA00F9EF3D /* Products */ = {
			isa = PBXGroup;
			children = (
				97FBE125203343DA00F9EF3D /* StackViewsCookbook.app */,
			);
			name = Products;
			sourceTree = "<group>";
		};
		97FBE127203343DA00F9EF3D /* StackViewsCookbook */ = {
			isa = PBXGroup;
			children = (
				97FBE128203343DA00F9EF3D /* AppDelegate.swift */,
				97FBE12A203343DA00F9EF3D /* ViewController.swift */,
				97FBE12C203343DA00F9EF3D /* Main.storyboard */,
				97FBE12F203343DA00F9EF3D /* Assets.xcassets */,
				97FBE131203343DA00F9EF3D /* LaunchScreen.storyboard */,
				97FBE134203343DA00F9EF3D /* Info.plist */,
				97FBE13A2033506D00F9EF3D /* SimpleStackViews.storyboard */,
				97FBE13C20336F9F00F9EF3D /* SimpleStackViews.swift */,
				97FBE13E2033746A00F9EF3D /* NestedStackViews.storyboard */,
			);
			path = StackViewsCookbook;
			sourceTree = "<group>";
		};
/* End PBXGroup section */

/* Begin PBXNativeTarget section */
		97FBE124203343DA00F9EF3D /* StackViewsCookbook */ = {
			isa = PBXNativeTarget;
			buildConfigurationList = 97FBE137203343DA00F9EF3D /* Build configuration list for PBXNativeTarget "StackViewsCookbook" */;
			buildPhases = (
				97FBE121203343DA00F9EF3D /* Sources */,
				97FBE122203343DA00F9EF3D /* Frameworks */,
				97FBE123203343DA00F9EF3D /* Resources */,
			);
			buildRules = (
			);
			dependencies = (
			);
			name = StackViewsCookbook;
			productName = StackViewsCookbook;
			productReference = 97FBE125203343DA00F9EF3D /* StackViewsCookbook.app */;
			productType = "com.apple.product-type.application";
		};
/* End PBXNativeTarget section */

/* Begin PBXProject section */
		97FBE11D203343DA00F9EF3D /* Project object */ = {
			isa = PBXProject;
			attributes = {
				LastSwiftUpdateCheck = 0920;
				LastUpgradeCheck = 0920;
				ORGANIZATIONNAME = Treehouse;
				TargetAttributes = {
					97FBE124203343DA00F9EF3D = {
						CreatedOnToolsVersion = 9.2;
						ProvisioningStyle = Automatic;
					};
				};
			};
			buildConfigurationList = 97FBE120203343DA00F9EF3D /* Build configuration list for PBXProject "StackViewsCookbook" */;
			compatibilityVersion = "Xcode 8.0";
			developmentRegion = en;
			hasScannedForEncodings = 0;
			knownRegions = (
				en,
				Base,
			);
			mainGroup = 97FBE11C203343DA00F9EF3D;
			productRefGroup = 97FBE126203343DA00F9EF3D /* Products */;
			projectDirPath = "";
			projectRoot = "";
			targets = (
				97FBE124203343DA00F9EF3D /* StackViewsCookbook */,
			);
		};
/* End PBXProject section */

/* Begin PBXResourcesBuildPhase section */
		97FBE123203343DA00F9EF3D /* Resources */ = {
			isa = PBXResourcesBuildPhase;
			buildActionMask = 2147483647;
			files = (
				97FBE13B2033506D00F9EF3D /* SimpleStackViews.storyboard in Resources */,
				97FBE133203343DA00F9EF3D /* LaunchScreen.storyboard in Resources */,
				97FBE130203343DA00F9EF3D /* Assets.xcassets in Resources */,
				97FBE12E203343DA00F9EF3D /* Main.storyboard in Resources */,
				97FBE13F2033746B00F9EF3D /* NestedStackViews.storyboard in Resources */,
			);
			runOnlyForDeploymentPostprocessing = 0;
		};
/* End PBXResourcesBuildPhase section */

/* Begin PBXSourcesBuildPhase section */
		97FBE121203343DA00F9EF3D /* Sources */ = {
			isa = PBXSourcesBuildPhase;
			buildActionMask = 2147483647;
			files = (
				97FBE12B203343DA00F9EF3D /* ViewController.swift in Sources */,
				97FBE129203343DA00F9EF3D /* AppDelegate.swift in Sources */,
				97FBE13D20336F9F00F9EF3D /* SimpleStackViews.swift in Sources */,
			);
			runOnlyForDeploymentPostprocessing = 0;
		};
/* End PBXSourcesBuildPhase section */

/* Begin PBXVariantGroup section */
		97FBE12C203343DA00F9EF3D /* Main.storyboard */ = {
			isa = PBXVariantGroup;
			children = (
				97FBE12D203343DA00F9EF3D /* Base */,
			);
			name = Main.storyboard;
			sourceTree = "<group>";
		};
		97FBE131203343DA00F9EF3D /* LaunchScreen.storyboard */ = {
			isa = PBXVariantGroup;
			children = (
				97FBE132203343DA00F9EF3D /* Base */,
			);
			name = LaunchScreen.storyboard;
			sourceTree = "<group>";
		};
/* End PBXVariantGroup section */

/* Begin XCBuildConfiguration section */
		97FBE135203343DA00F9EF3D /* Debug */ = {
			isa = XCBuildConfiguration;
			buildSettings = {
				ALWAYS_SEARCH_USER_PATHS = NO;
				CLANG_ANALYZER_NONNULL = YES;
				CLANG_ANALYZER_NUMBER_OBJECT_CONVERSION = YES_AGGRESSIVE;
				CLANG_CXX_LANGUAGE_STANDARD = "gnu++14";
				CLANG_CXX_LIBRARY = "libc++";
				CLANG_ENABLE_MODULES = YES;
				CLANG_ENABLE_OBJC_ARC = YES;
				CLANG_WARN_BLOCK_CAPTURE_AUTORELEASING = YES;
				CLANG_WARN_BOOL_CONVERSION = YES;
				CLANG_WARN_COMMA = YES;
				CLANG_WARN_CONSTANT_CONVERSION = YES;
				CLANG_WARN_DIRECT_OBJC_ISA_USAGE = YES_ERROR;
				CLANG_WARN_DOCUMENTATION_COMMENTS = YES;
				CLANG_WARN_EMPTY_BODY = YES;
				CLANG_WARN_ENUM_CONVERSION = YES;
				CLANG_WARN_INFINITE_RECURSION = YES;
				CLANG_WARN_INT_CONVERSION = YES;
				CLANG_WARN_NON_LITERAL_NULL_CONVERSION = YES;
				CLANG_WARN_OBJC_LITERAL_CONVERSION = YES;
				CLANG_WARN_OBJC_ROOT_CLASS = YES_ERROR;
				CLANG_WARN_RANGE_LOOP_ANALYSIS = YES;
				CLANG_WARN_STRICT_PROTOTYPES = YES;
				CLANG_WARN_SUSPICIOUS_MOVE = YES;
				CLANG_WARN_UNGUARDED_AVAILABILITY = YES_AGGRESSIVE;
				CLANG_WARN_UNREACHABLE_CODE = YES;
				CLANG_WARN__DUPLICATE_METHOD_MATCH = YES;
				CODE_SIGN_IDENTITY = "iPhone Developer";
				COPY_PHASE_STRIP = NO;
				DEBUG_INFORMATION_FORMAT = dwarf;
				ENABLE_STRICT_OBJC_MSGSEND = YES;
				ENABLE_TESTABILITY = YES;
				GCC_C_LANGUAGE_STANDARD = gnu11;
				GCC_DYNAMIC_NO_PIC = NO;
				GCC_NO_COMMON_BLOCKS = YES;
				GCC_OPTIMIZATION_LEVEL = 0;
				GCC_PREPROCESSOR_DEFINITIONS = (
					"DEBUG=1",
					"$(inherited)",
				);
				GCC_WARN_64_TO_32_BIT_CONVERSION = YES;
				GCC_WARN_ABOUT_RETURN_TYPE = YES_ERROR;
				GCC_WARN_UNDECLARED_SELECTOR = YES;
				GCC_WARN_UNINITIALIZED_AUTOS = YES_AGGRESSIVE;
				GCC_WARN_UNUSED_FUNCTION = YES;
				GCC_WARN_UNUSED_VARIABLE = YES;
				IPHONEOS_DEPLOYMENT_TARGET = 11.2;
				MTL_ENABLE_DEBUG_INFO = YES;
				ONLY_ACTIVE_ARCH = YES;
				SDKROOT = iphoneos;
				SWIFT_ACTIVE_COMPILATION_CONDITIONS = DEBUG;
				SWIFT_OPTIMIZATION_LEVEL = "-Onone";
			};
			name = Debug;
		};
		97FBE136203343DA00F9EF3D /* Release */ = {
			isa = XCBuildConfiguration;
			buildSettings = {
				ALWAYS_SEARCH_USER_PATHS = NO;
				CLANG_ANALYZER_NONNULL = YES;
				CLANG_ANALYZER_NUMBER_OBJECT_CONVERSION = YES_AGGRESSIVE;
				CLANG_CXX_LANGUAGE_STANDARD = "gnu++14";
				CLANG_CXX_LIBRARY = "libc++";
				CLANG_ENABLE_MODULES = YES;
				CLANG_ENABLE_OBJC_ARC = YES;
				CLANG_WARN_BLOCK_CAPTURE_AUTORELEASING = YES;
				CLANG_WARN_BOOL_CONVERSION = YES;
				CLANG_WARN_COMMA = YES;
				CLANG_WARN_CONSTANT_CONVERSION = YES;
				CLANG_WARN_DIRECT_OBJC_ISA_USAGE = YES_ERROR;
				CLANG_WARN_DOCUMENTATION_COMMENTS = YES;
				CLANG_WARN_EMPTY_BODY = YES;
				CLANG_WARN_ENUM_CONVERSION = YES;
				CLANG_WARN_INFINITE_RECURSION = YES;
				CLANG_WARN_INT_CONVERSION = YES;
				CLANG_WARN_NON_LITERAL_NULL_CONVERSION = YES;
				CLANG_WARN_OBJC_LITERAL_CONVERSION = YES;
				CLANG_WARN_OBJC_ROOT_CLASS = YES_ERROR;
				CLANG_WARN_RANGE_LOOP_ANALYSIS = YES;
				CLANG_WARN_STRICT_PROTOTYPES = YES;
				CLANG_WARN_SUSPICIOUS_MOVE = YES;
				CLANG_WARN_UNGUARDED_AVAILABILITY = YES_AGGRESSIVE;
				CLANG_WARN_UNREACHABLE_CODE = YES;
				CLANG_WARN__DUPLICATE_METHOD_MATCH = YES;
				CODE_SIGN_IDENTITY = "iPhone Developer";
				COPY_PHASE_STRIP = NO;
				DEBUG_INFORMATION_FORMAT = "dwarf-with-dsym";
				ENABLE_NS_ASSERTIONS = NO;
				ENABLE_STRICT_OBJC_MSGSEND = YES;
				GCC_C_LANGUAGE_STANDARD = gnu11;
				GCC_NO_COMMON_BLOCKS = YES;
				GCC_WARN_64_TO_32_BIT_CONVERSION = YES;
				GCC_WARN_ABOUT_RETURN_TYPE = YES_ERROR;
				GCC_WARN_UNDECLARED_SELECTOR = YES;
				GCC_WARN_UNINITIALIZED_AUTOS = YES_AGGRESSIVE;
				GCC_WARN_UNUSED_FUNCTION = YES;
				GCC_WARN_UNUSED_VARIABLE = YES;
				IPHONEOS_DEPLOYMENT_TARGET = 11.2;
				MTL_ENABLE_DEBUG_INFO = NO;
				SDKROOT = iphoneos;
				SWIFT_OPTIMIZATION_LEVEL = "-Owholemodule";
				VALIDATE_PRODUCT = YES;
			};
			name = Release;
		};
		97FBE138203343DA00F9EF3D /* Debug */ = {
			isa = XCBuildConfiguration;
			buildSettings = {
				ASSETCATALOG_COMPILER_APPICON_NAME = AppIcon;
				CODE_SIGN_STYLE = Automatic;
				DEVELOPMENT_TEAM = R9E84DX62H;
				INFOPLIST_FILE = StackViewsCookbook/Info.plist;
				LD_RUNPATH_SEARCH_PATHS = "$(inherited) @executable_path/Frameworks";
				PRODUCT_BUNDLE_IDENTIFIER = com.teamtreehouse.StackViewsCookbook;
				PRODUCT_NAME = "$(TARGET_NAME)";
				SWIFT_VERSION = 4.0;
				TARGETED_DEVICE_FAMILY = "1,2";
			};
			name = Debug;
		};
		97FBE139203343DA00F9EF3D /* Release */ = {
			isa = XCBuildConfiguration;
			buildSettings = {
				ASSETCATALOG_COMPILER_APPICON_NAME = AppIcon;
				CODE_SIGN_STYLE = Automatic;
				DEVELOPMENT_TEAM = R9E84DX62H;
				INFOPLIST_FILE = StackViewsCookbook/Info.plist;
				LD_RUNPATH_SEARCH_PATHS = "$(inherited) @executable_path/Frameworks";
				PRODUCT_BUNDLE_IDENTIFIER = com.teamtreehouse.StackViewsCookbook;
				PRODUCT_NAME = "$(TARGET_NAME)";
				SWIFT_VERSION = 4.0;
				TARGETED_DEVICE_FAMILY = "1,2";
			};
			name = Release;
		};
/* End XCBuildConfiguration section */

/* Begin XCConfigurationList section */
		97FBE120203343DA00F9EF3D /* Build configuration list for PBXProject "StackViewsCookbook" */ = {
			isa = XCConfigurationList;
			buildConfigurations = (
				97FBE135203343DA00F9EF3D /* Debug */,
				97FBE136203343DA00F9EF3D /* Release */,
			);
			defaultConfigurationIsVisible = 0;
			defaultConfigurationName = Release;
		};
		97FBE137203343DA00F9EF3D /* Build configuration list for PBXNativeTarget "StackViewsCookbook" */ = {
			isa = XCConfigurationList;
			buildConfigurations = (
				97FBE138203343DA00F9EF3D /* Debug */,
				97FBE139203343DA00F9EF3D /* Release */,
			);
			defaultConfigurationIsVisible = 0;
			defaultConfigurationName = Release;
		};
/* End XCConfigurationList section */
	};
	rootObject = 97FBE11D203343DA00F9EF3D /* Project object */;
}
